# This is a Gradle generated file for dependency locking.
# Manual edits can break the build and are not advised.
# This file is expected to be part of source control.
ch.qos.logback:logback-classic:1.2.11=testRuntimeClasspath
ch.qos.logback:logback-core:1.2.11=testRuntimeClasspath
jakarta.persistence:jakarta.persistence-api:2.2.3=compileClasspath,runtimeClasspath,testCompileClasspath,testRuntimeClasspath
net.bytebuddy:byte-buddy-agent:1.12.8=testCompileClasspath,testRuntimeClasspath
net.bytebuddy:byte-buddy:1.12.8=testCompileClasspath,testRuntimeClasspath
org.apache.commons:commons-lang3:3.12.0=compileClasspath,runtimeClasspath,testCompileClasspath,testRuntimeClasspath
org.apiguardian:apiguardian-api:1.1.2=compileClasspath,testCompileClasspath
org.assertj:assertj-core:3.22.0=testCompileClasspath,testRuntimeClasspath
org.junit.jupiter:junit-jupiter-api:5.8.2=compileClasspath,runtimeClasspath,testCompileClasspath,testRuntimeClasspath
org.junit.jupiter:junit-jupiter-engine:5.8.2=testRuntimeClasspath
org.junit.platform:junit-platform-commons:1.8.2=compileClasspath,runtimeClasspath,testCompileClasspath,testRuntimeClasspath
org.junit.platform:junit-platform-engine:1.8.2=testCompileClasspath,testRuntimeClasspath
org.junit.platform:junit-platform-launcher:1.8.2=testCompileClasspath,testRuntimeClasspath
org.junit:junit-bom:5.8.2=compileClasspath,runtimeClasspath,testCompileClasspath,testRuntimeClasspath
org.mockito:mockito-core:4.4.0=testCompileClasspath,testRuntimeClasspath
org.objenesis:objenesis:3.2=testRuntimeClasspath
org.opentest4j:opentest4j:1.2.0=compileClasspath,runtimeClasspath,testCompileClasspath,testRuntimeClasspath
org.slf4j:slf4j-api:1.7.36=compileClasspath,runtimeClasspath,testCompileClasspath,testRuntimeClasspath
org.springframework:spring-aop:5.3.19=compileClasspath,runtimeClasspath,testCompileClasspath,testRuntimeClasspath
org.springframework:spring-beans:5.3.19=compileClasspath,runtimeClasspath,testCompileClasspath,testRuntimeClasspath
org.springframework:spring-context:5.3.19=compileClasspath,runtimeClasspath,testCompileClasspath,testRuntimeClasspath
org.springframework:spring-core:5.3.19=compileClasspath,runtimeClasspath,testCompileClasspath,testRuntimeClasspath
org.springframework:spring-expression:5.3.19=compileClasspath,runtimeClasspath,testCompileClasspath,testRuntimeClasspath
org.springframework:spring-jcl:5.3.19=compileClasspath,runtimeClasspath,testCompileClasspath,testRuntimeClasspath
org.springframework:spring-test:5.3.19=compileClasspath,runtimeClasspath,testCompileClasspath,testRuntimeClasspath
empty=annotationProcessor,signatures,testAnnotationProcessor
